
Microsoft Visual Studio Solution File, Format Version 12.00
# Visual Studio Version 16
VisualStudioVersion = 16.0.29306.81
MinimumVisualStudioVersion = 10.0.40219.1
Project("{9A19103F-16F7-4668-BE54-9A1E7A4F7556}") = "CreditCardApplication", "CreditCardApplication\CreditCardApplication.csproj", "{D659F72A-8A5D-4CE1-8CBB-8C94F79FD845}"
EndProject
Project("{00D1A9C2-B5F0-4AF3-8072-F6C62B433612}") = "CreditCardApplicationData", "CreditCardApplicationData\CreditCardApplicationData.sqlproj", "{3FC74682-20C4-47C7-A5F2-CA21DAF4E9FC}"
EndProject
Project("{FAE04EC0-301F-11D3-BF4B-00C04F79EFBC}") = "CreditCardApplicationTests", "CreditCardApplicationTests\CreditCardApplicationTests.csproj", "{F59A8815-6F0E-483D-A57B-42671231173E}"
EndProject
Global
	GlobalSection(SolutionConfigurationPlatforms) = preSolution
		Debug|Any CPU = Debug|Any CPU
		Release|Any CPU = Release|Any CPU
	EndGlobalSection
	GlobalSection(ProjectConfigurationPlatforms) = postSolution
		{D659F72A-8A5D-4CE1-8CBB-8C94F79FD845}.Debug|Any CPU.ActiveCfg = Debug|Any CPU
		{D659F72A-8A5D-4CE1-8CBB-8C94F79FD845}.Debug|Any CPU.Build.0 = Debug|Any CPU
		{D659F72A-8A5D-4CE1-8CBB-8C94F79FD845}.Release|Any CPU.ActiveCfg = Release|Any CPU
		{D659F72A-8A5D-4CE1-8CBB-8C94F79FD845}.Release|Any CPU.Build.0 = Release|Any CPU
		{3FC74682-20C4-47C7-A5F2-CA21DAF4E9FC}.Debug|Any CPU.ActiveCfg = Debug|Any CPU
		{3FC74682-20C4-47C7-A5F2-CA21DAF4E9FC}.Debug|Any CPU.Build.0 = Debug|Any CPU
		{3FC74682-20C4-47C7-A5F2-CA21DAF4E9FC}.Debug|Any CPU.Deploy.0 = Debug|Any CPU
		{3FC74682-20C4-47C7-A5F2-CA21DAF4E9FC}.Release|Any CPU.ActiveCfg = Release|Any CPU
		{3FC74682-20C4-47C7-A5F2-CA21DAF4E9FC}.Release|Any CPU.Build.0 = Release|Any CPU
		{3FC74682-20C4-47C7-A5F2-CA21DAF4E9FC}.Release|Any CPU.Deploy.0 = Release|Any CPU
		{F59A8815-6F0E-483D-A57B-42671231173E}.Debug|Any CPU.ActiveCfg = Debug|Any CPU
		{F59A8815-6F0E-483D-A57B-42671231173E}.Debug|Any CPU.Build.0 = Debug|Any CPU
		{F59A8815-6F0E-483D-A57B-42671231173E}.Release|Any CPU.ActiveCfg = Release|Any CPU
		{F59A8815-6F0E-483D-A57B-42671231173E}.Release|Any CPU.Build.0 = Release|Any CPU
	EndGlobalSection
	GlobalSection(SolutionProperties) = preSolution
		HideSolutionNode = FALSE
	EndGlobalSection
	GlobalSection(ExtensibilityGlobals) = postSolution
		SolutionGuid = {65A8AE57-D5F7-4526-BD2E-54351E4F88BD}
	EndGlobalSection
EndGlobal
